
Microsoft Visual Studio Solution File, Format Version 12.00
# Visual Studio Version 17
VisualStudioVersion = 17.9.34701.34
MinimumVisualStudioVersion = 10.0.40219.1
Project("{2150E333-8FDC-42A3-9474-1A3956D46DE8}") = "src", "src", "{2C7E317E-8AC0-43DB-B0D0-71293DDB5AB8}"
EndProject
Project("{FAE04EC0-301F-11D3-BF4B-00C04F79EFBC}") = "Dashboard", "Dashboard\Dashboard.csproj", "{37959622-684B-4885-8FBB-3766E7629058}"
EndProject
Global
	GlobalSection(SolutionConfigurationPlatforms) = preSolution
		Debug|Any CPU = Debug|Any CPU
		Release|Any CPU = Release|Any CPU
	EndGlobalSection
	GlobalSection(ProjectConfigurationPlatforms) = postSolution
		{37959622-684B-4885-8FBB-3766E7629058}.Debug|Any CPU.ActiveCfg = Debug|Any CPU
		{37959622-684B-4885-8FBB-3766E7629058}.Debug|Any CPU.Build.0 = Debug|Any CPU
		{37959622-684B-4885-8FBB-3766E7629058}.Release|Any CPU.ActiveCfg = Release|Any CPU
		{37959622-684B-4885-8FBB-3766E7629058}.Release|Any CPU.Build.0 = Release|Any CPU
	EndGlobalSection
	GlobalSection(SolutionProperties) = preSolution
		HideSolutionNode = FALSE
	EndGlobalSection
	GlobalSection(NestedProjects) = preSolution
		{37959622-684B-4885-8FBB-3766E7629058} = {2C7E317E-8AC0-43DB-B0D0-71293DDB5AB8}
	EndGlobalSection
	GlobalSection(ExtensibilityGlobals) = postSolution
		SolutionGuid = {A703A6AF-2F23-4432-A10A-DCBC9A887771}
	EndGlobalSection
EndGlobal
